// !$*UTF8*$!
{
	archiveVersion = 1;
	classes = {
	};
	objectVersion = 50;
	objects = {

/* Begin PBXBuildFile section */
		08E63893228D8AFC00B6C664 /* NetworkHandler.swift in Sources */ = {isa = PBXBuildFile; fileRef = 08E63892228D8AFC00B6C664 /* NetworkHandler.swift */; };
		3C1D63B7C2DCDDDAAEFFB0BE /* Pods_SlothiesUITests.framework in Frameworks */ = {isa = PBXBuildFile; fileRef = C21D0EB9A43481B3A9F7BDEF /* Pods_SlothiesUITests.framework */; };
		685187394C393DEF47543604 /* Pods_Slothies.framework in Frameworks */ = {isa = PBXBuildFile; fileRef = FEDE0D636A93DA1E0C7FE6BB /* Pods_Slothies.framework */; };
		84F9D612228E880D005A6413 /* SharedConstants.swift in Sources */ = {isa = PBXBuildFile; fileRef = 84F9D611228E880D005A6413 /* SharedConstants.swift */; };
		BECAD4EF2290680B00583BCB /* HealthKitSetupAssistant.swift in Sources */ = {isa = PBXBuildFile; fileRef = BECAD4EE2290680B00583BCB /* HealthKitSetupAssistant.swift */; };
		BECAD4F12290773C00583BCB /* HealthHandler.swift in Sources */ = {isa = PBXBuildFile; fileRef = BECAD4F02290773C00583BCB /* HealthHandler.swift */; };
		BECAD4F522908DF200583BCB /* HealthKit.framework in Frameworks */ = {isa = PBXBuildFile; fileRef = BECAD4F422908DF200583BCB /* HealthKit.framework */; };
		DC62C4C82289E59000ADCB9E /* AppDelegate.swift in Sources */ = {isa = PBXBuildFile; fileRef = DC62C4C72289E59000ADCB9E /* AppDelegate.swift */; };
		DC62C4CA2289E59000ADCB9E /* MainViewController.swift in Sources */ = {isa = PBXBuildFile; fileRef = DC62C4C92289E59000ADCB9E /* MainViewController.swift */; };
		DC62C4CD2289E59000ADCB9E /* Main.storyboard in Resources */ = {isa = PBXBuildFile; fileRef = DC62C4CB2289E59000ADCB9E /* Main.storyboard */; };
		DC62C4CF2289E59100ADCB9E /* Assets.xcassets in Resources */ = {isa = PBXBuildFile; fileRef = DC62C4CE2289E59100ADCB9E /* Assets.xcassets */; };
		DC62C4DD2289E59100ADCB9E /* SlothiesTests.swift in Sources */ = {isa = PBXBuildFile; fileRef = DC62C4DC2289E59100ADCB9E /* SlothiesTests.swift */; };
		DC62C4E82289E59100ADCB9E /* SlothiesUITests.swift in Sources */ = {isa = PBXBuildFile; fileRef = DC62C4E72289E59100ADCB9E /* SlothiesUITests.swift */; };
		DC62C4F62289E63700ADCB9E /* LobbyScreen.storyboard in Resources */ = {isa = PBXBuildFile; fileRef = DC62C4F52289E63700ADCB9E /* LobbyScreen.storyboard */; };
		DC62C4F82289E65900ADCB9E /* LobbyViewController.swift in Sources */ = {isa = PBXBuildFile; fileRef = DC62C4F72289E65900ADCB9E /* LobbyViewController.swift */; };
		DC62C4FA2289E6ED00ADCB9E /* SelectionScreen.storyboard in Resources */ = {isa = PBXBuildFile; fileRef = DC62C4F92289E6ED00ADCB9E /* SelectionScreen.storyboard */; };
		DC62C4FC2289E70E00ADCB9E /* SelectionViewController.swift in Sources */ = {isa = PBXBuildFile; fileRef = DC62C4FB2289E70E00ADCB9E /* SelectionViewController.swift */; };
		DC62C4FE2289E77F00ADCB9E /* SlothCreationScreen.storyboard in Resources */ = {isa = PBXBuildFile; fileRef = DC62C4FD2289E77F00ADCB9E /* SlothCreationScreen.storyboard */; };
		DC62C5002289E79300ADCB9E /* SlothCreationViewController.swift in Sources */ = {isa = PBXBuildFile; fileRef = DC62C4FF2289E79300ADCB9E /* SlothCreationViewController.swift */; };
		DC62C5022289E7C900ADCB9E /* GameScreen.storyboard in Resources */ = {isa = PBXBuildFile; fileRef = DC62C5012289E7C900ADCB9E /* GameScreen.storyboard */; };
		DC62C5042289E7D400ADCB9E /* GameViewController.swift in Sources */ = {isa = PBXBuildFile; fileRef = DC62C5032289E7D400ADCB9E /* GameViewController.swift */; };
		DC62C5062289E82100ADCB9E /* SlothDisplayViewController.swift in Sources */ = {isa = PBXBuildFile; fileRef = DC62C5052289E82100ADCB9E /* SlothDisplayViewController.swift */; };
		DC62C5082289E82D00ADCB9E /* SlothDisplayScreen.storyboard in Resources */ = {isa = PBXBuildFile; fileRef = DC62C5072289E82D00ADCB9E /* SlothDisplayScreen.storyboard */; };
		DC62C50A2289E92400ADCB9E /* RoomGroup.swift in Sources */ = {isa = PBXBuildFile; fileRef = DC62C5092289E92400ADCB9E /* RoomGroup.swift */; };
		DC62C50C2289E9A500ADCB9E /* Player.swift in Sources */ = {isa = PBXBuildFile; fileRef = DC62C50B2289E9A500ADCB9E /* Player.swift */; };
		DC62C50E2289EB0000ADCB9E /* SlothGroup.swift in Sources */ = {isa = PBXBuildFile; fileRef = DC62C50D2289EB0000ADCB9E /* SlothGroup.swift */; };
		DC62C5102289EB9900ADCB9E /* Sloth.swift in Sources */ = {isa = PBXBuildFile; fileRef = DC62C50F2289EB9900ADCB9E /* Sloth.swift */; };
		DC62C5122289EC9C00ADCB9E /* Slothometer.swift in Sources */ = {isa = PBXBuildFile; fileRef = DC62C5112289EC9C00ADCB9E /* Slothometer.swift */; };
		DC62C514228B0ABC00ADCB9E /* LoginScreen.storyboard in Resources */ = {isa = PBXBuildFile; fileRef = DC62C513228B0ABC00ADCB9E /* LoginScreen.storyboard */; };
		DC62C518228B0B5B00ADCB9E /* LoginViewController.swift in Sources */ = {isa = PBXBuildFile; fileRef = DC62C517228B0B5B00ADCB9E /* LoginViewController.swift */; };
		DC731E6F2296D6FF00443D7D /* GoogleService-Info.plist in Resources */ = {isa = PBXBuildFile; fileRef = DC731E6E2296D6FF00443D7D /* GoogleService-Info.plist */; };
		E843365E1BB76F330E5E80DA /* Pods_SlothiesTests.framework in Frameworks */ = {isa = PBXBuildFile; fileRef = 6E0A47BFF6A5C88D421D86CF /* Pods_SlothiesTests.framework */; };
/* End PBXBuildFile section */

/* Begin PBXContainerItemProxy section */
		DC62C4D92289E59100ADCB9E /* PBXContainerItemProxy */ = {
			isa = PBXContainerItemProxy;
			containerPortal = DC62C4BC2289E59000ADCB9E /* Project object */;
			proxyType = 1;
			remoteGlobalIDString = DC62C4C32289E59000ADCB9E;
			remoteInfo = Slothies;
		};
		DC62C4E42289E59100ADCB9E /* PBXContainerItemProxy */ = {
			isa = PBXContainerItemProxy;
			containerPortal = DC62C4BC2289E59000ADCB9E /* Project object */;
			proxyType = 1;
			remoteGlobalIDString = DC62C4C32289E59000ADCB9E;
			remoteInfo = Slothies;
		};
/* End PBXContainerItemProxy section */

/* Begin PBXFileReference section */
		08E63892228D8AFC00B6C664 /* NetworkHandler.swift */ = {isa = PBXFileReference; fileEncoding = 4; lastKnownFileType = sourcecode.swift; path = NetworkHandler.swift; sourceTree = "<group>"; };
		6E0A47BFF6A5C88D421D86CF /* Pods_SlothiesTests.framework */ = {isa = PBXFileReference; explicitFileType = wrapper.framework; includeInIndex = 0; path = Pods_SlothiesTests.framework; sourceTree = BUILT_PRODUCTS_DIR; };
		70776131864F4AA5CAC2A92B /* Pods-SlothiesTests.release.xcconfig */ = {isa = PBXFileReference; includeInIndex = 1; lastKnownFileType = text.xcconfig; name = "Pods-SlothiesTests.release.xcconfig"; path = "Target Support Files/Pods-SlothiesTests/Pods-SlothiesTests.release.xcconfig"; sourceTree = "<group>"; };
		73FA1251E9ADD084D480AB0C /* Pods-SlothiesUITests.debug.xcconfig */ = {isa = PBXFileReference; includeInIndex = 1; lastKnownFileType = text.xcconfig; name = "Pods-SlothiesUITests.debug.xcconfig"; path = "Target Support Files/Pods-SlothiesUITests/Pods-SlothiesUITests.debug.xcconfig"; sourceTree = "<group>"; };
		77365853A47BC6163EAEB76B /* Pods-Slothies.release.xcconfig */ = {isa = PBXFileReference; includeInIndex = 1; lastKnownFileType = text.xcconfig; name = "Pods-Slothies.release.xcconfig"; path = "Target Support Files/Pods-Slothies/Pods-Slothies.release.xcconfig"; sourceTree = "<group>"; };
		84F9D611228E880D005A6413 /* SharedConstants.swift */ = {isa = PBXFileReference; lastKnownFileType = sourcecode.swift; path = SharedConstants.swift; sourceTree = "<group>"; };
		9774C2F395C504E1EFFAE78B /* Pods-Slothies.debug.xcconfig */ = {isa = PBXFileReference; includeInIndex = 1; lastKnownFileType = text.xcconfig; name = "Pods-Slothies.debug.xcconfig"; path = "Target Support Files/Pods-Slothies/Pods-Slothies.debug.xcconfig"; sourceTree = "<group>"; };
		A4B8A493FB9DA0BCB8070DC6 /* Pods-SlothiesTests.debug.xcconfig */ = {isa = PBXFileReference; includeInIndex = 1; lastKnownFileType = text.xcconfig; name = "Pods-SlothiesTests.debug.xcconfig"; path = "Target Support Files/Pods-SlothiesTests/Pods-SlothiesTests.debug.xcconfig"; sourceTree = "<group>"; };
		BECAD4EE2290680B00583BCB /* HealthKitSetupAssistant.swift */ = {isa = PBXFileReference; lastKnownFileType = sourcecode.swift; path = HealthKitSetupAssistant.swift; sourceTree = "<group>"; };
		BECAD4F02290773C00583BCB /* HealthHandler.swift */ = {isa = PBXFileReference; lastKnownFileType = sourcecode.swift; path = HealthHandler.swift; sourceTree = "<group>"; };
		BECAD4F222908DF200583BCB /* Slothies.entitlements */ = {isa = PBXFileReference; lastKnownFileType = text.plist.entitlements; path = Slothies.entitlements; sourceTree = "<group>"; };
		BECAD4F422908DF200583BCB /* HealthKit.framework */ = {isa = PBXFileReference; lastKnownFileType = wrapper.framework; name = HealthKit.framework; path = System/Library/Frameworks/HealthKit.framework; sourceTree = SDKROOT; };
		C21D0EB9A43481B3A9F7BDEF /* Pods_SlothiesUITests.framework */ = {isa = PBXFileReference; explicitFileType = wrapper.framework; includeInIndex = 0; path = Pods_SlothiesUITests.framework; sourceTree = BUILT_PRODUCTS_DIR; };
		DABFBA7EE780CB85662A1130 /* Pods-SlothiesUITests.release.xcconfig */ = {isa = PBXFileReference; includeInIndex = 1; lastKnownFileType = text.xcconfig; name = "Pods-SlothiesUITests.release.xcconfig"; path = "Target Support Files/Pods-SlothiesUITests/Pods-SlothiesUITests.release.xcconfig"; sourceTree = "<group>"; };
		DC62C4C42289E59000ADCB9E /* Slothies.app */ = {isa = PBXFileReference; explicitFileType = wrapper.application; includeInIndex = 0; path = Slothies.app; sourceTree = BUILT_PRODUCTS_DIR; };
		DC62C4C72289E59000ADCB9E /* AppDelegate.swift */ = {isa = PBXFileReference; lastKnownFileType = sourcecode.swift; path = AppDelegate.swift; sourceTree = "<group>"; };
		DC62C4C92289E59000ADCB9E /* MainViewController.swift */ = {isa = PBXFileReference; lastKnownFileType = sourcecode.swift; path = MainViewController.swift; sourceTree = "<group>"; };
		DC62C4CC2289E59000ADCB9E /* Base */ = {isa = PBXFileReference; lastKnownFileType = file.storyboard; name = Base; path = Base.lproj/Main.storyboard; sourceTree = "<group>"; };
		DC62C4CE2289E59100ADCB9E /* Assets.xcassets */ = {isa = PBXFileReference; lastKnownFileType = folder.assetcatalog; path = Assets.xcassets; sourceTree = "<group>"; };
		DC62C4D32289E59100ADCB9E /* Info.plist */ = {isa = PBXFileReference; lastKnownFileType = text.plist.xml; path = Info.plist; sourceTree = "<group>"; };
		DC62C4D82289E59100ADCB9E /* SlothiesTests.xctest */ = {isa = PBXFileReference; explicitFileType = wrapper.cfbundle; includeInIndex = 0; path = SlothiesTests.xctest; sourceTree = BUILT_PRODUCTS_DIR; };
		DC62C4DC2289E59100ADCB9E /* SlothiesTests.swift */ = {isa = PBXFileReference; lastKnownFileType = sourcecode.swift; path = SlothiesTests.swift; sourceTree = "<group>"; };
		DC62C4DE2289E59100ADCB9E /* Info.plist */ = {isa = PBXFileReference; lastKnownFileType = text.plist.xml; path = Info.plist; sourceTree = "<group>"; };
		DC62C4E32289E59100ADCB9E /* SlothiesUITests.xctest */ = {isa = PBXFileReference; explicitFileType = wrapper.cfbundle; includeInIndex = 0; path = SlothiesUITests.xctest; sourceTree = BUILT_PRODUCTS_DIR; };
		DC62C4E72289E59100ADCB9E /* SlothiesUITests.swift */ = {isa = PBXFileReference; lastKnownFileType = sourcecode.swift; path = SlothiesUITests.swift; sourceTree = "<group>"; };
		DC62C4E92289E59100ADCB9E /* Info.plist */ = {isa = PBXFileReference; lastKnownFileType = text.plist.xml; path = Info.plist; sourceTree = "<group>"; };
		DC62C4F52289E63700ADCB9E /* LobbyScreen.storyboard */ = {isa = PBXFileReference; lastKnownFileType = file.storyboard; path = LobbyScreen.storyboard; sourceTree = "<group>"; };
		DC62C4F72289E65900ADCB9E /* LobbyViewController.swift */ = {isa = PBXFileReference; lastKnownFileType = sourcecode.swift; path = LobbyViewController.swift; sourceTree = "<group>"; };
		DC62C4F92289E6ED00ADCB9E /* SelectionScreen.storyboard */ = {isa = PBXFileReference; lastKnownFileType = file.storyboard; path = SelectionScreen.storyboard; sourceTree = "<group>"; };
		DC62C4FB2289E70E00ADCB9E /* SelectionViewController.swift */ = {isa = PBXFileReference; lastKnownFileType = sourcecode.swift; path = SelectionViewController.swift; sourceTree = "<group>"; };
		DC62C4FD2289E77F00ADCB9E /* SlothCreationScreen.storyboard */ = {isa = PBXFileReference; lastKnownFileType = file.storyboard; path = SlothCreationScreen.storyboard; sourceTree = "<group>"; };
		DC62C4FF2289E79300ADCB9E /* SlothCreationViewController.swift */ = {isa = PBXFileReference; lastKnownFileType = sourcecode.swift; path = SlothCreationViewController.swift; sourceTree = "<group>"; };
		DC62C5012289E7C900ADCB9E /* GameScreen.storyboard */ = {isa = PBXFileReference; lastKnownFileType = file.storyboard; path = GameScreen.storyboard; sourceTree = "<group>"; };
		DC62C5032289E7D400ADCB9E /* GameViewController.swift */ = {isa = PBXFileReference; lastKnownFileType = sourcecode.swift; path = GameViewController.swift; sourceTree = "<group>"; };
		DC62C5052289E82100ADCB9E /* SlothDisplayViewController.swift */ = {isa = PBXFileReference; lastKnownFileType = sourcecode.swift; path = SlothDisplayViewController.swift; sourceTree = "<group>"; };
		DC62C5072289E82D00ADCB9E /* SlothDisplayScreen.storyboard */ = {isa = PBXFileReference; lastKnownFileType = file.storyboard; path = SlothDisplayScreen.storyboard; sourceTree = "<group>"; };
		DC62C5092289E92400ADCB9E /* RoomGroup.swift */ = {isa = PBXFileReference; lastKnownFileType = sourcecode.swift; path = RoomGroup.swift; sourceTree = "<group>"; };
		DC62C50B2289E9A500ADCB9E /* Player.swift */ = {isa = PBXFileReference; lastKnownFileType = sourcecode.swift; path = Player.swift; sourceTree = "<group>"; };
		DC62C50D2289EB0000ADCB9E /* SlothGroup.swift */ = {isa = PBXFileReference; lastKnownFileType = sourcecode.swift; path = SlothGroup.swift; sourceTree = "<group>"; };
		DC62C50F2289EB9900ADCB9E /* Sloth.swift */ = {isa = PBXFileReference; lastKnownFileType = sourcecode.swift; path = Sloth.swift; sourceTree = "<group>"; };
		DC62C5112289EC9C00ADCB9E /* Slothometer.swift */ = {isa = PBXFileReference; lastKnownFileType = sourcecode.swift; path = Slothometer.swift; sourceTree = "<group>"; };
		DC62C513228B0ABC00ADCB9E /* LoginScreen.storyboard */ = {isa = PBXFileReference; lastKnownFileType = file.storyboard; path = LoginScreen.storyboard; sourceTree = "<group>"; };
		DC62C517228B0B5B00ADCB9E /* LoginViewController.swift */ = {isa = PBXFileReference; lastKnownFileType = sourcecode.swift; path = LoginViewController.swift; sourceTree = "<group>"; };
		DC731E6E2296D6FF00443D7D /* GoogleService-Info.plist */ = {isa = PBXFileReference; fileEncoding = 4; lastKnownFileType = text.plist.xml; path = "GoogleService-Info.plist"; sourceTree = SOURCE_ROOT; };
		FEDE0D636A93DA1E0C7FE6BB /* Pods_Slothies.framework */ = {isa = PBXFileReference; explicitFileType = wrapper.framework; includeInIndex = 0; path = Pods_Slothies.framework; sourceTree = BUILT_PRODUCTS_DIR; };
/* End PBXFileReference section */

/* Begin PBXFrameworksBuildPhase section */
		DC62C4C12289E59000ADCB9E /* Frameworks */ = {
			isa = PBXFrameworksBuildPhase;
			buildActionMask = 2147483647;
			files = (
				BECAD4F522908DF200583BCB /* HealthKit.framework in Frameworks */,
				685187394C393DEF47543604 /* Pods_Slothies.framework in Frameworks */,
			);
			runOnlyForDeploymentPostprocessing = 0;
		};
		DC62C4D52289E59100ADCB9E /* Frameworks */ = {
			isa = PBXFrameworksBuildPhase;
			buildActionMask = 2147483647;
			files = (
				E843365E1BB76F330E5E80DA /* Pods_SlothiesTests.framework in Frameworks */,
			);
			runOnlyForDeploymentPostprocessing = 0;
		};
		DC62C4E02289E59100ADCB9E /* Frameworks */ = {
			isa = PBXFrameworksBuildPhase;
			buildActionMask = 2147483647;
			files = (
				3C1D63B7C2DCDDDAAEFFB0BE /* Pods_SlothiesUITests.framework in Frameworks */,
			);
			runOnlyForDeploymentPostprocessing = 0;
		};
/* End PBXFrameworksBuildPhase section */

/* Begin PBXGroup section */
		121CB733ED7F88BD849E50A8 /* Pods */ = {
			isa = PBXGroup;
			children = (
				9774C2F395C504E1EFFAE78B /* Pods-Slothies.debug.xcconfig */,
				77365853A47BC6163EAEB76B /* Pods-Slothies.release.xcconfig */,
				A4B8A493FB9DA0BCB8070DC6 /* Pods-SlothiesTests.debug.xcconfig */,
				70776131864F4AA5CAC2A92B /* Pods-SlothiesTests.release.xcconfig */,
				73FA1251E9ADD084D480AB0C /* Pods-SlothiesUITests.debug.xcconfig */,
				DABFBA7EE780CB85662A1130 /* Pods-SlothiesUITests.release.xcconfig */,
			);
			path = Pods;
			sourceTree = "<group>";
		};
		BECAD4F322908DF200583BCB /* Frameworks */ = {
			isa = PBXGroup;
			children = (
				BECAD4F422908DF200583BCB /* HealthKit.framework */,
				FEDE0D636A93DA1E0C7FE6BB /* Pods_Slothies.framework */,
				6E0A47BFF6A5C88D421D86CF /* Pods_SlothiesTests.framework */,
				C21D0EB9A43481B3A9F7BDEF /* Pods_SlothiesUITests.framework */,
			);
			name = Frameworks;
			sourceTree = "<group>";
		};
		DC62C4BB2289E59000ADCB9E = {
			isa = PBXGroup;
			children = (
				DC62C4C62289E59000ADCB9E /* Slothies */,
				DC62C4DB2289E59100ADCB9E /* SlothiesTests */,
				DC62C4E62289E59100ADCB9E /* SlothiesUITests */,
				DC62C4C52289E59000ADCB9E /* Products */,
				BECAD4F322908DF200583BCB /* Frameworks */,
				121CB733ED7F88BD849E50A8 /* Pods */,
			);
			sourceTree = "<group>";
		};
		DC62C4C52289E59000ADCB9E /* Products */ = {
			isa = PBXGroup;
			children = (
				DC62C4C42289E59000ADCB9E /* Slothies.app */,
				DC62C4D82289E59100ADCB9E /* SlothiesTests.xctest */,
				DC62C4E32289E59100ADCB9E /* SlothiesUITests.xctest */,
			);
			name = Products;
			sourceTree = "<group>";
		};
		DC62C4C62289E59000ADCB9E /* Slothies */ = {
			isa = PBXGroup;
			children = (
				BECAD4F222908DF200583BCB /* Slothies.entitlements */,
				DC62C4D32289E59100ADCB9E /* Info.plist */,
				DC731E6E2296D6FF00443D7D /* GoogleService-Info.plist */,
				DC731E602293262500443D7D /* Client */,
				DC731E612293265B00443D7D /* Data Model */,
				84F9D611228E880D005A6413 /* SharedConstants.swift */,
				DC62C4CE2289E59100ADCB9E /* Assets.xcassets */,
			);
			path = Slothies;
			sourceTree = "<group>";
		};
		DC62C4DB2289E59100ADCB9E /* SlothiesTests */ = {
			isa = PBXGroup;
			children = (
				DC62C4DC2289E59100ADCB9E /* SlothiesTests.swift */,
				DC62C4DE2289E59100ADCB9E /* Info.plist */,
			);
			path = SlothiesTests;
			sourceTree = "<group>";
		};
		DC62C4E62289E59100ADCB9E /* SlothiesUITests */ = {
			isa = PBXGroup;
			children = (
				DC62C4E72289E59100ADCB9E /* SlothiesUITests.swift */,
				DC62C4E92289E59100ADCB9E /* Info.plist */,
			);
			path = SlothiesUITests;
			sourceTree = "<group>";
		};
		DC731E602293262500443D7D /* Client */ = {
			isa = PBXGroup;
			children = (
				DC62C4C72289E59000ADCB9E /* AppDelegate.swift */,
				DC731E632293282900443D7D /* Main */,
				DC731E642293283000443D7D /* Login */,
				DC731E652293283600443D7D /* Lobby */,
				DC731E662293283F00443D7D /* Selection */,
				DC731E672293284700443D7D /* SlothCreation */,
				DC731E682293285700443D7D /* Game */,
				DC731E692293285D00443D7D /* SlothDisplay */,
				DC731E6A2293291300443D7D /* NetworkHandler */,
				DC731E6B2293292600443D7D /* HealthHandler */,
			);
			path = Client;
			sourceTree = "<group>";
		};
		DC731E612293265B00443D7D /* Data Model */ = {
			isa = PBXGroup;
			children = (
				DC62C5092289E92400ADCB9E /* RoomGroup.swift */,
				DC62C50B2289E9A500ADCB9E /* Player.swift */,
				DC62C50D2289EB0000ADCB9E /* SlothGroup.swift */,
				DC62C5112289EC9C00ADCB9E /* Slothometer.swift */,
				DC62C50F2289EB9900ADCB9E /* Sloth.swift */,
			);
			path = "Data Model";
			sourceTree = "<group>";
		};
		DC731E632293282900443D7D /* Main */ = {
			isa = PBXGroup;
			children = (
				DC62C4C92289E59000ADCB9E /* MainViewController.swift */,
				DC62C4CB2289E59000ADCB9E /* Main.storyboard */,
			);
			path = Main;
			sourceTree = "<group>";
		};
		DC731E642293283000443D7D /* Login */ = {
			isa = PBXGroup;
			children = (
				DC62C517228B0B5B00ADCB9E /* LoginViewController.swift */,
				DC62C513228B0ABC00ADCB9E /* LoginScreen.storyboard */,
			);
			path = Login;
			sourceTree = "<group>";
		};
		DC731E652293283600443D7D /* Lobby */ = {
			isa = PBXGroup;
			children = (
				DC62C4F72289E65900ADCB9E /* LobbyViewController.swift */,
				DC62C4F52289E63700ADCB9E /* LobbyScreen.storyboard */,
			);
			path = Lobby;
			sourceTree = "<group>";
		};
		DC731E662293283F00443D7D /* Selection */ = {
			isa = PBXGroup;
			children = (
				DC62C4FB2289E70E00ADCB9E /* SelectionViewController.swift */,
				DC62C4F92289E6ED00ADCB9E /* SelectionScreen.storyboard */,
			);
			path = Selection;
			sourceTree = "<group>";
		};
		DC731E672293284700443D7D /* SlothCreation */ = {
			isa = PBXGroup;
			children = (
				DC62C4FF2289E79300ADCB9E /* SlothCreationViewController.swift */,
				DC62C4FD2289E77F00ADCB9E /* SlothCreationScreen.storyboard */,
			);
			path = SlothCreation;
			sourceTree = "<group>";
		};
		DC731E682293285700443D7D /* Game */ = {
			isa = PBXGroup;
			children = (
				DC62C5032289E7D400ADCB9E /* GameViewController.swift */,
				DC62C5012289E7C900ADCB9E /* GameScreen.storyboard */,
			);
			path = Game;
			sourceTree = "<group>";
		};
		DC731E692293285D00443D7D /* SlothDisplay */ = {
			isa = PBXGroup;
			children = (
				DC62C5052289E82100ADCB9E /* SlothDisplayViewController.swift */,
				DC62C5072289E82D00ADCB9E /* SlothDisplayScreen.storyboard */,
			);
			path = SlothDisplay;
			sourceTree = "<group>";
		};
		DC731E6A2293291300443D7D /* NetworkHandler */ = {
			isa = PBXGroup;
			children = (
				08E63892228D8AFC00B6C664 /* NetworkHandler.swift */,
			);
			path = NetworkHandler;
			sourceTree = "<group>";
		};
		DC731E6B2293292600443D7D /* HealthHandler */ = {
			isa = PBXGroup;
			children = (
				BECAD4F02290773C00583BCB /* HealthHandler.swift */,
				BECAD4EE2290680B00583BCB /* HealthKitSetupAssistant.swift */,
			);
			path = HealthHandler;
			sourceTree = "<group>";
		};
/* End PBXGroup section */

/* Begin PBXNativeTarget section */
		DC62C4C32289E59000ADCB9E /* Slothies */ = {
			isa = PBXNativeTarget;
			buildConfigurationList = DC62C4EC2289E59100ADCB9E /* Build configuration list for PBXNativeTarget "Slothies" */;
			buildPhases = (
				D549C5CC3857578682E140D0 /* [CP] Check Pods Manifest.lock */,
				DC62C4C02289E59000ADCB9E /* Sources */,
				DC62C4C12289E59000ADCB9E /* Frameworks */,
				DC62C4C22289E59000ADCB9E /* Resources */,
				725370E0FD5D1C8AA95F979D /* [CP] Embed Pods Frameworks */,
				E9C9A0450D9B2CD4555D8984 /* [CP] Copy Pods Resources */,
			);
			buildRules = (
			);
			dependencies = (
			);
			name = Slothies;
			productName = Slothies;
			productReference = DC62C4C42289E59000ADCB9E /* Slothies.app */;
			productType = "com.apple.product-type.application";
		};
		DC62C4D72289E59100ADCB9E /* SlothiesTests */ = {
			isa = PBXNativeTarget;
			buildConfigurationList = DC62C4EF2289E59100ADCB9E /* Build configuration list for PBXNativeTarget "SlothiesTests" */;
			buildPhases = (
				174DCAF34873CB0E6EF7E5B0 /* [CP] Check Pods Manifest.lock */,
				DC62C4D42289E59100ADCB9E /* Sources */,
				DC62C4D52289E59100ADCB9E /* Frameworks */,
				DC62C4D62289E59100ADCB9E /* Resources */,
			);
			buildRules = (
			);
			dependencies = (
				DC62C4DA2289E59100ADCB9E /* PBXTargetDependency */,
			);
			name = SlothiesTests;
			productName = SlothiesTests;
			productReference = DC62C4D82289E59100ADCB9E /* SlothiesTests.xctest */;
			productType = "com.apple.product-type.bundle.unit-test";
		};
		DC62C4E22289E59100ADCB9E /* SlothiesUITests */ = {
			isa = PBXNativeTarget;
			buildConfigurationList = DC62C4F22289E59100ADCB9E /* Build configuration list for PBXNativeTarget "SlothiesUITests" */;
			buildPhases = (
				293EF17EA5EB431029EA9FE9 /* [CP] Check Pods Manifest.lock */,
				DC62C4DF2289E59100ADCB9E /* Sources */,
				DC62C4E02289E59100ADCB9E /* Frameworks */,
				DC62C4E12289E59100ADCB9E /* Resources */,
			);
			buildRules = (
			);
			dependencies = (
				DC62C4E52289E59100ADCB9E /* PBXTargetDependency */,
			);
			name = SlothiesUITests;
			productName = SlothiesUITests;
			productReference = DC62C4E32289E59100ADCB9E /* SlothiesUITests.xctest */;
			productType = "com.apple.product-type.bundle.ui-testing";
		};
/* End PBXNativeTarget section */

/* Begin PBXProject section */
		DC62C4BC2289E59000ADCB9E /* Project object */ = {
			isa = PBXProject;
			attributes = {
				LastSwiftUpdateCheck = 1010;
				LastUpgradeCheck = 1010;
				ORGANIZATIONNAME = "Slothies Inc.";
				TargetAttributes = {
					DC62C4C32289E59000ADCB9E = {
						CreatedOnToolsVersion = 10.1;
						SystemCapabilities = {
							com.apple.HealthKit = {
								enabled = 1;
							};
						};
					};
					DC62C4D72289E59100ADCB9E = {
						CreatedOnToolsVersion = 10.1;
						TestTargetID = DC62C4C32289E59000ADCB9E;
					};
					DC62C4E22289E59100ADCB9E = {
						CreatedOnToolsVersion = 10.1;
						TestTargetID = DC62C4C32289E59000ADCB9E;
					};
				};
			};
			buildConfigurationList = DC62C4BF2289E59000ADCB9E /* Build configuration list for PBXProject "Slothies" */;
			compatibilityVersion = "Xcode 9.3";
			developmentRegion = en;
			hasScannedForEncodings = 0;
			knownRegions = (
				en,
				Base,
			);
			mainGroup = DC62C4BB2289E59000ADCB9E;
			productRefGroup = DC62C4C52289E59000ADCB9E /* Products */;
			projectDirPath = "";
			projectRoot = "";
			targets = (
				DC62C4C32289E59000ADCB9E /* Slothies */,
				DC62C4D72289E59100ADCB9E /* SlothiesTests */,
				DC62C4E22289E59100ADCB9E /* SlothiesUITests */,
			);
		};
/* End PBXProject section */

/* Begin PBXResourcesBuildPhase section */
		DC62C4C22289E59000ADCB9E /* Resources */ = {
			isa = PBXResourcesBuildPhase;
			buildActionMask = 2147483647;
			files = (
				DC62C4FE2289E77F00ADCB9E /* SlothCreationScreen.storyboard in Resources */,
				DC62C4CF2289E59100ADCB9E /* Assets.xcassets in Resources */,
				DC731E6F2296D6FF00443D7D /* GoogleService-Info.plist in Resources */,
				DC62C5022289E7C900ADCB9E /* GameScreen.storyboard in Resources */,
				DC62C514228B0ABC00ADCB9E /* LoginScreen.storyboard in Resources */,
				DC62C5082289E82D00ADCB9E /* SlothDisplayScreen.storyboard in Resources */,
				DC62C4CD2289E59000ADCB9E /* Main.storyboard in Resources */,
				DC62C4F62289E63700ADCB9E /* LobbyScreen.storyboard in Resources */,
				DC62C4FA2289E6ED00ADCB9E /* SelectionScreen.storyboard in Resources */,
			);
			runOnlyForDeploymentPostprocessing = 0;
		};
		DC62C4D62289E59100ADCB9E /* Resources */ = {
			isa = PBXResourcesBuildPhase;
			buildActionMask = 2147483647;
			files = (
			);
			runOnlyForDeploymentPostprocessing = 0;
		};
		DC62C4E12289E59100ADCB9E /* Resources */ = {
			isa = PBXResourcesBuildPhase;
			buildActionMask = 2147483647;
			files = (
			);
			runOnlyForDeploymentPostprocessing = 0;
		};
/* End PBXResourcesBuildPhase section */

/* Begin PBXShellScriptBuildPhase section */
		174DCAF34873CB0E6EF7E5B0 /* [CP] Check Pods Manifest.lock */ = {
			isa = PBXShellScriptBuildPhase;
			buildActionMask = 2147483647;
			files = (
			);
			inputFileListPaths = (
			);
			inputPaths = (
				"${PODS_PODFILE_DIR_PATH}/Podfile.lock",
				"${PODS_ROOT}/Manifest.lock",
			);
			name = "[CP] Check Pods Manifest.lock";
			outputFileListPaths = (
			);
			outputPaths = (
				"$(DERIVED_FILE_DIR)/Pods-SlothiesTests-checkManifestLockResult.txt",
			);
			runOnlyForDeploymentPostprocessing = 0;
			shellPath = /bin/sh;
			shellScript = "diff \"${PODS_PODFILE_DIR_PATH}/Podfile.lock\" \"${PODS_ROOT}/Manifest.lock\" > /dev/null\nif [ $? != 0 ] ; then\n    # print error to STDERR\n    echo \"error: The sandbox is not in sync with the Podfile.lock. Run 'pod install' or update your CocoaPods installation.\" >&2\n    exit 1\nfi\n# This output is used by Xcode 'outputs' to avoid re-running this script phase.\necho \"SUCCESS\" > \"${SCRIPT_OUTPUT_FILE_0}\"\n";
			showEnvVarsInLog = 0;
		};
		293EF17EA5EB431029EA9FE9 /* [CP] Check Pods Manifest.lock */ = {
			isa = PBXShellScriptBuildPhase;
			buildActionMask = 2147483647;
			files = (
			);
			inputFileListPaths = (
			);
			inputPaths = (
				"${PODS_PODFILE_DIR_PATH}/Podfile.lock",
				"${PODS_ROOT}/Manifest.lock",
			);
			name = "[CP] Check Pods Manifest.lock";
			outputFileListPaths = (
			);
			outputPaths = (
				"$(DERIVED_FILE_DIR)/Pods-SlothiesUITests-checkManifestLockResult.txt",
			);
			runOnlyForDeploymentPostprocessing = 0;
			shellPath = /bin/sh;
			shellScript = "diff \"${PODS_PODFILE_DIR_PATH}/Podfile.lock\" \"${PODS_ROOT}/Manifest.lock\" > /dev/null\nif [ $? != 0 ] ; then\n    # print error to STDERR\n    echo \"error: The sandbox is not in sync with the Podfile.lock. Run 'pod install' or update your CocoaPods installation.\" >&2\n    exit 1\nfi\n# This output is used by Xcode 'outputs' to avoid re-running this script phase.\necho \"SUCCESS\" > \"${SCRIPT_OUTPUT_FILE_0}\"\n";
			showEnvVarsInLog = 0;
		};
		725370E0FD5D1C8AA95F979D /* [CP] Embed Pods Frameworks */ = {
			isa = PBXShellScriptBuildPhase;
			buildActionMask = 2147483647;
			files = (
			);
			inputFileListPaths = (
			);
			inputPaths = (
				"${PODS_ROOT}/Target Support Files/Pods-Slothies/Pods-Slothies-frameworks.sh",
				"${BUILT_PRODUCTS_DIR}/BoringSSL-GRPC/openssl_grpc.framework",
				"${BUILT_PRODUCTS_DIR}/FBSDKCoreKit/FBSDKCoreKit.framework",
				"${BUILT_PRODUCTS_DIR}/FBSDKLoginKit/FBSDKLoginKit.framework",
				"${BUILT_PRODUCTS_DIR}/GTMSessionFetcher/GTMSessionFetcher.framework",
				"${BUILT_PRODUCTS_DIR}/GoogleToolboxForMac/GoogleToolboxForMac.framework",
				"${BUILT_PRODUCTS_DIR}/GoogleUtilities/GoogleUtilities.framework",
				"${BUILT_PRODUCTS_DIR}/Protobuf/Protobuf.framework",
				"${BUILT_PRODUCTS_DIR}/SDWebImage/SDWebImage.framework",
				"${BUILT_PRODUCTS_DIR}/gRPC-C++/grpcpp.framework",
				"${BUILT_PRODUCTS_DIR}/gRPC-Core/grpc.framework",
				"${BUILT_PRODUCTS_DIR}/leveldb-library/leveldb.framework",
				"${BUILT_PRODUCTS_DIR}/nanopb/nanopb.framework",
			);
			name = "[CP] Embed Pods Frameworks";
			outputFileListPaths = (
			);
			outputPaths = (
				"${TARGET_BUILD_DIR}/${FRAMEWORKS_FOLDER_PATH}/openssl_grpc.framework",
				"${TARGET_BUILD_DIR}/${FRAMEWORKS_FOLDER_PATH}/FBSDKCoreKit.framework",
				"${TARGET_BUILD_DIR}/${FRAMEWORKS_FOLDER_PATH}/FBSDKLoginKit.framework",
				"${TARGET_BUILD_DIR}/${FRAMEWORKS_FOLDER_PATH}/GTMSessionFetcher.framework",
				"${TARGET_BUILD_DIR}/${FRAMEWORKS_FOLDER_PATH}/GoogleToolboxForMac.framework",
				"${TARGET_BUILD_DIR}/${FRAMEWORKS_FOLDER_PATH}/GoogleUtilities.framework",
				"${TARGET_BUILD_DIR}/${FRAMEWORKS_FOLDER_PATH}/Protobuf.framework",
				"${TARGET_BUILD_DIR}/${FRAMEWORKS_FOLDER_PATH}/SDWebImage.framework",
				"${TARGET_BUILD_DIR}/${FRAMEWORKS_FOLDER_PATH}/grpcpp.framework",
				"${TARGET_BUILD_DIR}/${FRAMEWORKS_FOLDER_PATH}/grpc.framework",
				"${TARGET_BUILD_DIR}/${FRAMEWORKS_FOLDER_PATH}/leveldb.framework",
				"${TARGET_BUILD_DIR}/${FRAMEWORKS_FOLDER_PATH}/nanopb.framework",
			);
			runOnlyForDeploymentPostprocessing = 0;
			shellPath = /bin/sh;
			shellScript = "\"${PODS_ROOT}/Target Support Files/Pods-Slothies/Pods-Slothies-frameworks.sh\"\n";
			showEnvVarsInLog = 0;
		};
		D549C5CC3857578682E140D0 /* [CP] Check Pods Manifest.lock */ = {
			isa = PBXShellScriptBuildPhase;
			buildActionMask = 2147483647;
			files = (
			);
			inputFileListPaths = (
			);
			inputPaths = (
				"${PODS_PODFILE_DIR_PATH}/Podfile.lock",
				"${PODS_ROOT}/Manifest.lock",
			);
			name = "[CP] Check Pods Manifest.lock";
			outputFileListPaths = (
			);
			outputPaths = (
				"$(DERIVED_FILE_DIR)/Pods-Slothies-checkManifestLockResult.txt",
			);
			runOnlyForDeploymentPostprocessing = 0;
			shellPath = /bin/sh;
			shellScript = "diff \"${PODS_PODFILE_DIR_PATH}/Podfile.lock\" \"${PODS_ROOT}/Manifest.lock\" > /dev/null\nif [ $? != 0 ] ; then\n    # print error to STDERR\n    echo \"error: The sandbox is not in sync with the Podfile.lock. Run 'pod install' or update your CocoaPods installation.\" >&2\n    exit 1\nfi\n# This output is used by Xcode 'outputs' to avoid re-running this script phase.\necho \"SUCCESS\" > \"${SCRIPT_OUTPUT_FILE_0}\"\n";
			showEnvVarsInLog = 0;
		};
		E9C9A0450D9B2CD4555D8984 /* [CP] Copy Pods Resources */ = {
			isa = PBXShellScriptBuildPhase;
			buildActionMask = 2147483647;
			files = (
			);
			inputFileListPaths = (
			);
			inputPaths = (
				"${PODS_ROOT}/Target Support Files/Pods-Slothies/Pods-Slothies-resources.sh",
				"${PODS_CONFIGURATION_BUILD_DIR}/FirebaseUI/FirebaseAnonymousAuthUI.bundle",
				"${PODS_CONFIGURATION_BUILD_DIR}/FirebaseUI/FirebaseAuthUI.bundle",
				"${PODS_CONFIGURATION_BUILD_DIR}/FirebaseUI/FirebaseEmailAuthUI.bundle",
				"${PODS_CONFIGURATION_BUILD_DIR}/FirebaseUI/FirebaseFacebookAuthUI.bundle",
				"${PODS_CONFIGURATION_BUILD_DIR}/FirebaseUI/FirebaseGoogleAuthUI.bundle",
				"${PODS_CONFIGURATION_BUILD_DIR}/FirebaseUI/FirebasePhoneAuthUI.bundle",
				"${PODS_ROOT}/GoogleSignIn/Resources/GoogleSignIn.bundle",
			);
			name = "[CP] Copy Pods Resources";
			outputFileListPaths = (
			);
			outputPaths = (
				"${TARGET_BUILD_DIR}/${UNLOCALIZED_RESOURCES_FOLDER_PATH}/FirebaseAnonymousAuthUI.bundle",
				"${TARGET_BUILD_DIR}/${UNLOCALIZED_RESOURCES_FOLDER_PATH}/FirebaseAuthUI.bundle",
				"${TARGET_BUILD_DIR}/${UNLOCALIZED_RESOURCES_FOLDER_PATH}/FirebaseEmailAuthUI.bundle",
				"${TARGET_BUILD_DIR}/${UNLOCALIZED_RESOURCES_FOLDER_PATH}/FirebaseFacebookAuthUI.bundle",
				"${TARGET_BUILD_DIR}/${UNLOCALIZED_RESOURCES_FOLDER_PATH}/FirebaseGoogleAuthUI.bundle",
				"${TARGET_BUILD_DIR}/${UNLOCALIZED_RESOURCES_FOLDER_PATH}/FirebasePhoneAuthUI.bundle",
				"${TARGET_BUILD_DIR}/${UNLOCALIZED_RESOURCES_FOLDER_PATH}/GoogleSignIn.bundle",
			);
			runOnlyForDeploymentPostprocessing = 0;
			shellPath = /bin/sh;
			shellScript = "\"${PODS_ROOT}/Target Support Files/Pods-Slothies/Pods-Slothies-resources.sh\"\n";
			showEnvVarsInLog = 0;
		};
/* End PBXShellScriptBuildPhase section */

/* Begin PBXSourcesBuildPhase section */
		DC62C4C02289E59000ADCB9E /* Sources */ = {
			isa = PBXSourcesBuildPhase;
			buildActionMask = 2147483647;
			files = (
				BECAD4F12290773C00583BCB /* HealthHandler.swift in Sources */,
				DC62C50E2289EB0000ADCB9E /* SlothGroup.swift in Sources */,
				DC62C5002289E79300ADCB9E /* SlothCreationViewController.swift in Sources */,
				DC62C4F82289E65900ADCB9E /* LobbyViewController.swift in Sources */,
				DC62C4FC2289E70E00ADCB9E /* SelectionViewController.swift in Sources */,
				DC62C5062289E82100ADCB9E /* SlothDisplayViewController.swift in Sources */,
				DC62C50A2289E92400ADCB9E /* RoomGroup.swift in Sources */,
				84F9D612228E880D005A6413 /* SharedConstants.swift in Sources */,
				DC62C4CA2289E59000ADCB9E /* MainViewController.swift in Sources */,
				08E63893228D8AFC00B6C664 /* NetworkHandler.swift in Sources */,
				DC62C5042289E7D400ADCB9E /* GameViewController.swift in Sources */,
				BECAD4EF2290680B00583BCB /* HealthKitSetupAssistant.swift in Sources */,
				DC62C5102289EB9900ADCB9E /* Sloth.swift in Sources */,
				DC62C50C2289E9A500ADCB9E /* Player.swift in Sources */,
				DC62C5122289EC9C00ADCB9E /* Slothometer.swift in Sources */,
				DC62C518228B0B5B00ADCB9E /* LoginViewController.swift in Sources */,
				DC62C4C82289E59000ADCB9E /* AppDelegate.swift in Sources */,
			);
			runOnlyForDeploymentPostprocessing = 0;
		};
		DC62C4D42289E59100ADCB9E /* Sources */ = {
			isa = PBXSourcesBuildPhase;
			buildActionMask = 2147483647;
			files = (
				DC62C4DD2289E59100ADCB9E /* SlothiesTests.swift in Sources */,
			);
			runOnlyForDeploymentPostprocessing = 0;
		};
		DC62C4DF2289E59100ADCB9E /* Sources */ = {
			isa = PBXSourcesBuildPhase;
			buildActionMask = 2147483647;
			files = (
				DC62C4E82289E59100ADCB9E /* SlothiesUITests.swift in Sources */,
			);
			runOnlyForDeploymentPostprocessing = 0;
		};
/* End PBXSourcesBuildPhase section */

/* Begin PBXTargetDependency section */
		DC62C4DA2289E59100ADCB9E /* PBXTargetDependency */ = {
			isa = PBXTargetDependency;
			target = DC62C4C32289E59000ADCB9E /* Slothies */;
			targetProxy = DC62C4D92289E59100ADCB9E /* PBXContainerItemProxy */;
		};
		DC62C4E52289E59100ADCB9E /* PBXTargetDependency */ = {
			isa = PBXTargetDependency;
			target = DC62C4C32289E59000ADCB9E /* Slothies */;
			targetProxy = DC62C4E42289E59100ADCB9E /* PBXContainerItemProxy */;
		};
/* End PBXTargetDependency section */

/* Begin PBXVariantGroup section */
		DC62C4CB2289E59000ADCB9E /* Main.storyboard */ = {
			isa = PBXVariantGroup;
			children = (
				DC62C4CC2289E59000ADCB9E /* Base */,
			);
			name = Main.storyboard;
			sourceTree = "<group>";
		};
/* End PBXVariantGroup section */

/* Begin XCBuildConfiguration section */
		DC62C4EA2289E59100ADCB9E /* Debug */ = {
			isa = XCBuildConfiguration;
			buildSettings = {
				ALWAYS_SEARCH_USER_PATHS = NO;
				CLANG_ANALYZER_NONNULL = YES;
				CLANG_ANALYZER_NUMBER_OBJECT_CONVERSION = YES_AGGRESSIVE;
				CLANG_CXX_LANGUAGE_STANDARD = "gnu++14";
				CLANG_CXX_LIBRARY = "libc++";
				CLANG_ENABLE_MODULES = YES;
				CLANG_ENABLE_OBJC_ARC = YES;
				CLANG_ENABLE_OBJC_WEAK = YES;
				CLANG_WARN_BLOCK_CAPTURE_AUTORELEASING = YES;
				CLANG_WARN_BOOL_CONVERSION = YES;
				CLANG_WARN_COMMA = YES;
				CLANG_WARN_CONSTANT_CONVERSION = YES;
				CLANG_WARN_DEPRECATED_OBJC_IMPLEMENTATIONS = YES;
				CLANG_WARN_DIRECT_OBJC_ISA_USAGE = YES_ERROR;
				CLANG_WARN_DOCUMENTATION_COMMENTS = YES;
				CLANG_WARN_EMPTY_BODY = YES;
				CLANG_WARN_ENUM_CONVERSION = YES;
				CLANG_WARN_INFINITE_RECURSION = YES;
				CLANG_WARN_INT_CONVERSION = YES;
				CLANG_WARN_NON_LITERAL_NULL_CONVERSION = YES;
				CLANG_WARN_OBJC_IMPLICIT_RETAIN_SELF = YES;
				CLANG_WARN_OBJC_LITERAL_CONVERSION = YES;
				CLANG_WARN_OBJC_ROOT_CLASS = YES_ERROR;
				CLANG_WARN_RANGE_LOOP_ANALYSIS = YES;
				CLANG_WARN_STRICT_PROTOTYPES = YES;
				CLANG_WARN_SUSPICIOUS_MOVE = YES;
				CLANG_WARN_UNGUARDED_AVAILABILITY = YES_AGGRESSIVE;
				CLANG_WARN_UNREACHABLE_CODE = YES;
				CLANG_WARN__DUPLICATE_METHOD_MATCH = YES;
				CODE_SIGN_IDENTITY = "iPhone Developer";
				COPY_PHASE_STRIP = NO;
				DEBUG_INFORMATION_FORMAT = dwarf;
				ENABLE_STRICT_OBJC_MSGSEND = YES;
				ENABLE_TESTABILITY = YES;
				GCC_C_LANGUAGE_STANDARD = gnu11;
				GCC_DYNAMIC_NO_PIC = NO;
				GCC_NO_COMMON_BLOCKS = YES;
				GCC_OPTIMIZATION_LEVEL = 0;
				GCC_PREPROCESSOR_DEFINITIONS = (
					"DEBUG=1",
					"$(inherited)",
				);
				GCC_WARN_64_TO_32_BIT_CONVERSION = YES;
				GCC_WARN_ABOUT_RETURN_TYPE = YES_ERROR;
				GCC_WARN_UNDECLARED_SELECTOR = YES;
				GCC_WARN_UNINITIALIZED_AUTOS = YES_AGGRESSIVE;
				GCC_WARN_UNUSED_FUNCTION = YES;
				GCC_WARN_UNUSED_VARIABLE = YES;
				IPHONEOS_DEPLOYMENT_TARGET = 12.1;
				MTL_ENABLE_DEBUG_INFO = INCLUDE_SOURCE;
				MTL_FAST_MATH = YES;
				ONLY_ACTIVE_ARCH = YES;
				SDKROOT = iphoneos;
				SWIFT_ACTIVE_COMPILATION_CONDITIONS = DEBUG;
				SWIFT_OPTIMIZATION_LEVEL = "-Onone";
			};
			name = Debug;
		};
		DC62C4EB2289E59100ADCB9E /* Release */ = {
			isa = XCBuildConfiguration;
			buildSettings = {
				ALWAYS_SEARCH_USER_PATHS = NO;
				CLANG_ANALYZER_NONNULL = YES;
				CLANG_ANALYZER_NUMBER_OBJECT_CONVERSION = YES_AGGRESSIVE;
				CLANG_CXX_LANGUAGE_STANDARD = "gnu++14";
				CLANG_CXX_LIBRARY = "libc++";
				CLANG_ENABLE_MODULES = YES;
				CLANG_ENABLE_OBJC_ARC = YES;
				CLANG_ENABLE_OBJC_WEAK = YES;
				CLANG_WARN_BLOCK_CAPTURE_AUTORELEASING = YES;
				CLANG_WARN_BOOL_CONVERSION = YES;
				CLANG_WARN_COMMA = YES;
				CLANG_WARN_CONSTANT_CONVERSION = YES;
				CLANG_WARN_DEPRECATED_OBJC_IMPLEMENTATIONS = YES;
				CLANG_WARN_DIRECT_OBJC_ISA_USAGE = YES_ERROR;
				CLANG_WARN_DOCUMENTATION_COMMENTS = YES;
				CLANG_WARN_EMPTY_BODY = YES;
				CLANG_WARN_ENUM_CONVERSION = YES;
				CLANG_WARN_INFINITE_RECURSION = YES;
				CLANG_WARN_INT_CONVERSION = YES;
				CLANG_WARN_NON_LITERAL_NULL_CONVERSION = YES;
				CLANG_WARN_OBJC_IMPLICIT_RETAIN_SELF = YES;
				CLANG_WARN_OBJC_LITERAL_CONVERSION = YES;
				CLANG_WARN_OBJC_ROOT_CLASS = YES_ERROR;
				CLANG_WARN_RANGE_LOOP_ANALYSIS = YES;
				CLANG_WARN_STRICT_PROTOTYPES = YES;
				CLANG_WARN_SUSPICIOUS_MOVE = YES;
				CLANG_WARN_UNGUARDED_AVAILABILITY = YES_AGGRESSIVE;
				CLANG_WARN_UNREACHABLE_CODE = YES;
				CLANG_WARN__DUPLICATE_METHOD_MATCH = YES;
				CODE_SIGN_IDENTITY = "iPhone Developer";
				COPY_PHASE_STRIP = NO;
				DEBUG_INFORMATION_FORMAT = "dwarf-with-dsym";
				ENABLE_NS_ASSERTIONS = NO;
				ENABLE_STRICT_OBJC_MSGSEND = YES;
				GCC_C_LANGUAGE_STANDARD = gnu11;
				GCC_NO_COMMON_BLOCKS = YES;
				GCC_WARN_64_TO_32_BIT_CONVERSION = YES;
				GCC_WARN_ABOUT_RETURN_TYPE = YES_ERROR;
				GCC_WARN_UNDECLARED_SELECTOR = YES;
				GCC_WARN_UNINITIALIZED_AUTOS = YES_AGGRESSIVE;
				GCC_WARN_UNUSED_FUNCTION = YES;
				GCC_WARN_UNUSED_VARIABLE = YES;
				IPHONEOS_DEPLOYMENT_TARGET = 12.1;
				MTL_ENABLE_DEBUG_INFO = NO;
				MTL_FAST_MATH = YES;
				SDKROOT = iphoneos;
				SWIFT_COMPILATION_MODE = wholemodule;
				SWIFT_OPTIMIZATION_LEVEL = "-O";
				VALIDATE_PRODUCT = YES;
			};
			name = Release;
		};
		DC62C4ED2289E59100ADCB9E /* Debug */ = {
			isa = XCBuildConfiguration;
			baseConfigurationReference = 9774C2F395C504E1EFFAE78B /* Pods-Slothies.debug.xcconfig */;
			buildSettings = {
				ASSETCATALOG_COMPILER_APPICON_NAME = AppIcon;
				CODE_SIGN_ENTITLEMENTS = Slothies/Slothies.entitlements;
				CODE_SIGN_STYLE = Automatic;
				DEVELOPMENT_TEAM = "";
				INFOPLIST_FILE = Slothies/Info.plist;
				IPHONEOS_DEPLOYMENT_TARGET = 11.3;
				LD_RUNPATH_SEARCH_PATHS = (
					"$(inherited)",
					"@executable_path/Frameworks",
				);
				PRODUCT_BUNDLE_IDENTIFIER = com.slt.Slothies;
				PRODUCT_NAME = "$(TARGET_NAME)";
				SWIFT_VERSION = 4.2;
				TARGETED_DEVICE_FAMILY = 1;
			};
			name = Debug;
		};
		DC62C4EE2289E59100ADCB9E /* Release */ = {
			isa = XCBuildConfiguration;
			baseConfigurationReference = 77365853A47BC6163EAEB76B /* Pods-Slothies.release.xcconfig */;
			buildSettings = {
				ASSETCATALOG_COMPILER_APPICON_NAME = AppIcon;
				CODE_SIGN_ENTITLEMENTS = Slothies/Slothies.entitlements;
				CODE_SIGN_STYLE = Automatic;
				DEVELOPMENT_TEAM = "";
				INFOPLIST_FILE = Slothies/Info.plist;
				IPHONEOS_DEPLOYMENT_TARGET = 11.3;
				LD_RUNPATH_SEARCH_PATHS = (
					"$(inherited)",
					"@executable_path/Frameworks",
				);
				PRODUCT_BUNDLE_IDENTIFIER = com.slt.Slothies;
				PRODUCT_NAME = "$(TARGET_NAME)";
				SWIFT_VERSION = 4.2;
				TARGETED_DEVICE_FAMILY = 1;
			};
			name = Release;
		};
		DC62C4F02289E59100ADCB9E /* Debug */ = {
			isa = XCBuildConfiguration;
			baseConfigurationReference = A4B8A493FB9DA0BCB8070DC6 /* Pods-SlothiesTests.debug.xcconfig */;
			buildSettings = {
				ALWAYS_EMBED_SWIFT_STANDARD_LIBRARIES = YES;
				BUNDLE_LOADER = "$(TEST_HOST)";
				CODE_SIGN_STYLE = Automatic;
				INFOPLIST_FILE = SlothiesTests/Info.plist;
				LD_RUNPATH_SEARCH_PATHS = (
					"$(inherited)",
					"@executable_path/Frameworks",
					"@loader_path/Frameworks",
				);
				PRODUCT_BUNDLE_IDENTIFIER = slt.SlothiesTests;
				PRODUCT_NAME = "$(TARGET_NAME)";
				SWIFT_VERSION = 4.2;
				TARGETED_DEVICE_FAMILY = "1,2";
				TEST_HOST = "$(BUILT_PRODUCTS_DIR)/Slothies.app/Slothies";
			};
			name = Debug;
		};
		DC62C4F12289E59100ADCB9E /* Release */ = {
			isa = XCBuildConfiguration;
			baseConfigurationReference = 70776131864F4AA5CAC2A92B /* Pods-SlothiesTests.release.xcconfig */;
			buildSettings = {
				ALWAYS_EMBED_SWIFT_STANDARD_LIBRARIES = YES;
				BUNDLE_LOADER = "$(TEST_HOST)";
				CODE_SIGN_STYLE = Automatic;
				INFOPLIST_FILE = SlothiesTests/Info.plist;
				LD_RUNPATH_SEARCH_PATHS = (
					"$(inherited)",
					"@executable_path/Frameworks",
					"@loader_path/Frameworks",
				);
				PRODUCT_BUNDLE_IDENTIFIER = slt.SlothiesTests;
				PRODUCT_NAME = "$(TARGET_NAME)";
				SWIFT_VERSION = 4.2;
				TARGETED_DEVICE_FAMILY = "1,2";
				TEST_HOST = "$(BUILT_PRODUCTS_DIR)/Slothies.app/Slothies";
			};
			name = Release;
		};
		DC62C4F32289E59100ADCB9E /* Debug */ = {
			isa = XCBuildConfiguration;
			baseConfigurationReference = 73FA1251E9ADD084D480AB0C /* Pods-SlothiesUITests.debug.xcconfig */;
			buildSettings = {
				ALWAYS_EMBED_SWIFT_STANDARD_LIBRARIES = YES;
				CODE_SIGN_STYLE = Automatic;
				INFOPLIST_FILE = SlothiesUITests/Info.plist;
				LD_RUNPATH_SEARCH_PATHS = (
					"$(inherited)",
					"@executable_path/Frameworks",
					"@loader_path/Frameworks",
				);
				PRODUCT_BUNDLE_IDENTIFIER = slt.SlothiesUITests;
				PRODUCT_NAME = "$(TARGET_NAME)";
				SWIFT_VERSION = 4.2;
				TARGETED_DEVICE_FAMILY = "1,2";
				TEST_TARGET_NAME = Slothies;
			};
			name = Debug;
		};
		DC62C4F42289E59100ADCB9E /* Release */ = {
			isa = XCBuildConfiguration;
			baseConfigurationReference = DABFBA7EE780CB85662A1130 /* Pods-SlothiesUITests.release.xcconfig */;
			buildSettings = {
				ALWAYS_EMBED_SWIFT_STANDARD_LIBRARIES = YES;
				CODE_SIGN_STYLE = Automatic;
				INFOPLIST_FILE = SlothiesUITests/Info.plist;
				LD_RUNPATH_SEARCH_PATHS = (
					"$(inherited)",
					"@executable_path/Frameworks",
					"@loader_path/Frameworks",
				);
				PRODUCT_BUNDLE_IDENTIFIER = slt.SlothiesUITests;
				PRODUCT_NAME = "$(TARGET_NAME)";
				SWIFT_VERSION = 4.2;
				TARGETED_DEVICE_FAMILY = "1,2";
				TEST_TARGET_NAME = Slothies;
			};
			name = Release;
		};
/* End XCBuildConfiguration section */

/* Begin XCConfigurationList section */
		DC62C4BF2289E59000ADCB9E /* Build configuration list for PBXProject "Slothies" */ = {
			isa = XCConfigurationList;
			buildConfigurations = (
				DC62C4EA2289E59100ADCB9E /* Debug */,
				DC62C4EB2289E59100ADCB9E /* Release */,
			);
			defaultConfigurationIsVisible = 0;
			defaultConfigurationName = Release;
		};
		DC62C4EC2289E59100ADCB9E /* Build configuration list for PBXNativeTarget "Slothies" */ = {
			isa = XCConfigurationList;
			buildConfigurations = (
				DC62C4ED2289E59100ADCB9E /* Debug */,
				DC62C4EE2289E59100ADCB9E /* Release */,
			);
			defaultConfigurationIsVisible = 0;
			defaultConfigurationName = Release;
		};
		DC62C4EF2289E59100ADCB9E /* Build configuration list for PBXNativeTarget "SlothiesTests" */ = {
			isa = XCConfigurationList;
			buildConfigurations = (
				DC62C4F02289E59100ADCB9E /* Debug */,
				DC62C4F12289E59100ADCB9E /* Release */,
			);
			defaultConfigurationIsVisible = 0;
			defaultConfigurationName = Release;
		};
		DC62C4F22289E59100ADCB9E /* Build configuration list for PBXNativeTarget "SlothiesUITests" */ = {
			isa = XCConfigurationList;
			buildConfigurations = (
				DC62C4F32289E59100ADCB9E /* Debug */,
				DC62C4F42289E59100ADCB9E /* Release */,
			);
			defaultConfigurationIsVisible = 0;
			defaultConfigurationName = Release;
		};
/* End XCConfigurationList section */
	};
	rootObject = DC62C4BC2289E59000ADCB9E /* Project object */;
}
